
Microsoft Visual Studio Solution File, Format Version 12.00
# Visual Studio Version 17
VisualStudioVersion = 17.3.32901.215
MinimumVisualStudioVersion = 10.0.40219.1
Project("{FAE04EC0-301F-11D3-BF4B-00C04F79EFBC}") = "DataAccess", "DataAccess\DataAccess.csproj", "{0A1A810E-8C86-483D-ABD0-52B53DDF97A2}"
EndProject
Project("{FAE04EC0-301F-11D3-BF4B-00C04F79EFBC}") = "Businnes", "Businnes\Businnes.csproj", "{B217CBBA-6044-4DA8-B04F-7D9E1C003215}"
EndProject
Project("{FAE04EC0-301F-11D3-BF4B-00C04F79EFBC}") = "Entities", "Entities\Entities.csproj", "{A464D022-31B2-47F9-B932-D0BAFDAE7C01}"
EndProject
Project("{FAE04EC0-301F-11D3-BF4B-00C04F79EFBC}") = "ConsoleUI", "ConsoleUI\ConsoleUI.csproj", "{12FBCC06-976D-499B-8142-AEDA49492529}"
EndProject
Global
	GlobalSection(SolutionConfigurationPlatforms) = preSolution
		Debug|Any CPU = Debug|Any CPU
		Release|Any CPU = Release|Any CPU
	EndGlobalSection
	GlobalSection(ProjectConfigurationPlatforms) = postSolution
		{0A1A810E-8C86-483D-ABD0-52B53DDF97A2}.Debug|Any CPU.ActiveCfg = Debug|Any CPU
		{0A1A810E-8C86-483D-ABD0-52B53DDF97A2}.Debug|Any CPU.Build.0 = Debug|Any CPU
		{0A1A810E-8C86-483D-ABD0-52B53DDF97A2}.Release|Any CPU.ActiveCfg = Release|Any CPU
		{0A1A810E-8C86-483D-ABD0-52B53DDF97A2}.Release|Any CPU.Build.0 = Release|Any CPU
		{B217CBBA-6044-4DA8-B04F-7D9E1C003215}.Debug|Any CPU.ActiveCfg = Debug|Any CPU
		{B217CBBA-6044-4DA8-B04F-7D9E1C003215}.Debug|Any CPU.Build.0 = Debug|Any CPU
		{B217CBBA-6044-4DA8-B04F-7D9E1C003215}.Release|Any CPU.ActiveCfg = Release|Any CPU
		{B217CBBA-6044-4DA8-B04F-7D9E1C003215}.Release|Any CPU.Build.0 = Release|Any CPU
		{A464D022-31B2-47F9-B932-D0BAFDAE7C01}.Debug|Any CPU.ActiveCfg = Debug|Any CPU
		{A464D022-31B2-47F9-B932-D0BAFDAE7C01}.Debug|Any CPU.Build.0 = Debug|Any CPU
		{A464D022-31B2-47F9-B932-D0BAFDAE7C01}.Release|Any CPU.ActiveCfg = Release|Any CPU
		{A464D022-31B2-47F9-B932-D0BAFDAE7C01}.Release|Any CPU.Build.0 = Release|Any CPU
		{12FBCC06-976D-499B-8142-AEDA49492529}.Debug|Any CPU.ActiveCfg = Debug|Any CPU
		{12FBCC06-976D-499B-8142-AEDA49492529}.Debug|Any CPU.Build.0 = Debug|Any CPU
		{12FBCC06-976D-499B-8142-AEDA49492529}.Release|Any CPU.ActiveCfg = Release|Any CPU
		{12FBCC06-976D-499B-8142-AEDA49492529}.Release|Any CPU.Build.0 = Release|Any CPU
	EndGlobalSection
	GlobalSection(SolutionProperties) = preSolution
		HideSolutionNode = FALSE
	EndGlobalSection
	GlobalSection(ExtensibilityGlobals) = postSolution
		SolutionGuid = {33E3819D-A318-4AC0-8FF4-96D048024DA9}
	EndGlobalSection
EndGlobal
